
Microsoft Visual Studio Solution File, Format Version 12.00
# Visual Studio 15
VisualStudioVersion = 15.0.28307.421
MinimumVisualStudioVersion = 10.0.40219.1
Project("{FAE04EC0-301F-11D3-BF4B-00C04F79EFBC}") = "QtaElastic", "QtaElastic\QtaElastic.csproj", "{AD025742-4D7E-4692-87B7-E15D1D2863DB}"
EndProject
Global
	GlobalSection(SolutionConfigurationPlatforms) = preSolution
		Debug|Any CPU = Debug|Any CPU
		Release|Any CPU = Release|Any CPU
	EndGlobalSection
	GlobalSection(ProjectConfigurationPlatforms) = postSolution
		{AD025742-4D7E-4692-87B7-E15D1D2863DB}.Debug|Any CPU.ActiveCfg = Debug|Any CPU
		{AD025742-4D7E-4692-87B7-E15D1D2863DB}.Debug|Any CPU.Build.0 = Debug|Any CPU
		{AD025742-4D7E-4692-87B7-E15D1D2863DB}.Release|Any CPU.ActiveCfg = Release|Any CPU
		{AD025742-4D7E-4692-87B7-E15D1D2863DB}.Release|Any CPU.Build.0 = Release|Any CPU
	EndGlobalSection
	GlobalSection(SolutionProperties) = preSolution
		HideSolutionNode = FALSE
	EndGlobalSection
	GlobalSection(ExtensibilityGlobals) = postSolution
		SolutionGuid = {BDF26656-01DD-487E-A3FE-CEC3DABBDC90}
	EndGlobalSection
EndGlobal
